
Microsoft Visual Studio Solution File, Format Version 12.00
# Visual Studio Version 17
VisualStudioVersion = 17.1.32319.34
MinimumVisualStudioVersion = 10.0.40219.1
Project("{FAE04EC0-301F-11D3-BF4B-00C04F79EFBC}") = "Sorting Program", "Sorting Program.csproj", "{44C02965-C8AD-48FD-87C6-AC12EF22D705}"
EndProject
Global
	GlobalSection(SolutionConfigurationPlatforms) = preSolution
		Debug|Any CPU = Debug|Any CPU
		Release|Any CPU = Release|Any CPU
	EndGlobalSection
	GlobalSection(ProjectConfigurationPlatforms) = postSolution
		{44C02965-C8AD-48FD-87C6-AC12EF22D705}.Debug|Any CPU.ActiveCfg = Debug|Any CPU
		{44C02965-C8AD-48FD-87C6-AC12EF22D705}.Debug|Any CPU.Build.0 = Debug|Any CPU
		{44C02965-C8AD-48FD-87C6-AC12EF22D705}.Release|Any CPU.ActiveCfg = Release|Any CPU
		{44C02965-C8AD-48FD-87C6-AC12EF22D705}.Release|Any CPU.Build.0 = Release|Any CPU
	EndGlobalSection
	GlobalSection(SolutionProperties) = preSolution
		HideSolutionNode = FALSE
	EndGlobalSection
	GlobalSection(ExtensibilityGlobals) = postSolution
		SolutionGuid = {33833E6C-9A8C-493D-BFA2-4BAA22FA1912}
	EndGlobalSection
EndGlobal
